[[package]]
name = "cython"
version = "0.29.26"
description = "The Cython compiler for writing C extensions for the Python language."
category = "main"
optional = false
python-versions = ">=2.6, !=3.0.*, !=3.1.*, !=3.2.*"

[[package]]
name = "dataclasses"
version = "0.8"
description = "A backport of the dataclasses module for Python 3.6"
category = "main"
optional = false
python-versions = ">=3.6, <3.7"

[[package]]
name = "panda3d"
version = "1.10.11"
description = "Panda3D is a framework for 3D rendering and game development for Python and C++ programs."
category = "main"
optional = false
python-versions = "*"

[[package]]
name = "panda3d-gltf"
version = "0.13"
description = "glTF utilities for Panda3D"
category = "main"
optional = false
python-versions = ">=3.6"

[package.dependencies]
panda3d = ">=1.10.8"
panda3d-simplepbr = ">=0.6"

[[package]]
name = "panda3d-simplepbr"
version = "0.9"
description = "A simple, lightweight PBR render pipeline for Panda3D"
category = "main"
optional = false
python-versions = ">=3.6.0"

[package.dependencies]
panda3d = ">=1.10.8"

[[package]]
name = "pillow"
version = "8.4.0"
description = "Python Imaging Library (Fork)"
category = "main"
optional = false
python-versions = ">=3.6"

[[package]]
name = "pyobjc-core"
version = "8.1"
description = "Python<->ObjC Interoperability Module"
category = "main"
optional = false
python-versions = ">=3.6"

[[package]]
name = "pyobjc-framework-cocoa"
version = "8.1"
description = "Wrappers for the Cocoa frameworks on macOS"
category = "main"
optional = false
python-versions = ">=3.6"

[package.dependencies]
pyobjc-core = ">=8.1"

[[package]]
name = "pyperclip"
version = "1.8.2"
description = "A cross-platform clipboard module for Python. (Only handles plain text for now.)"
category = "main"
optional = false
python-versions = "*"

[[package]]
name = "screeninfo"
version = "0.7"
description = "Fetch location and size of physical screens."
category = "main"
optional = false
python-versions = "*"

[package.dependencies]
Cython = {version = "*", markers = "sys_platform == \"darwin\""}
dataclasses = {version = "*", markers = "python_version < \"3.7\""}
pyobjc-framework-Cocoa = {version = "*", markers = "sys_platform == \"darwin\""}

[[package]]
name = "ursina"
version = "4.1.1"
description = "An easy to use game engine/framework for python."
category = "main"
optional = false
python-versions = ">=3.6"

[package.dependencies]
panda3d = "*"
panda3d-gltf = "*"
pillow = "*"
pyperclip = "*"
screeninfo = "*"

[package.extras]
extras = ["numpy", "imageio", "psd-tools3", "psutil"]

[metadata]
lock-version = "1.1"
python-versions = "^3.6"
content-hash = "664d60c897febfde53c8c183a4a13f3e4e98df70d57e2e1f16db01006754ea26"

[metadata.files]
cython = [
    {file = "Cython-0.29.26-cp27-cp27m-manylinux_2_5_i686.manylinux1_i686.whl", hash = "sha256:c4b003b6b7aa9e74552ef8d4e6009b3e3c3e8fa585710b3a6d062e088e460c1b"},
    {file = "Cython-0.29.26-cp27-cp27m-manylinux_2_5_x86_64.manylinux1_x86_64.whl", hash = "sha256:ce804a021c92fea66c8c100781a111706f21bade7a546895c5a9c57fe2df8b24"},
    {file = "Cython-0.29.26-cp27-cp27m-win32.whl", hash = "sha256:8e07121b34221458a2151d37e137b8f5b011a9c51dd38db2499a6198590aa319"},
    {file = "Cython-0.29.26-cp27-cp27m-win_amd64.whl", hash = "sha256:233a87db76941626f1db08f4b25a4a5b425b13b64ed0e673c3641f7b650a48d8"},
    {file = "Cython-0.29.26-cp27-cp27mu-manylinux_2_5_i686.manylinux1_i686.whl", hash = "sha256:93840f2071c1f15e613509eadee1fbcd335e8666772437fe5038e24059edd48c"},
    {file = "Cython-0.29.26-cp27-cp27mu-manylinux_2_5_x86_64.manylinux1_x86_64.whl", hash = "sha256:10402f0f1564ffc6ecb9c45e07f995771d05bb0b0e1d151e40574638292ee3a5"},
    {file = "Cython-0.29.26-cp310-cp310-manylinux_2_17_aarch64.manylinux2014_aarch64.manylinux_2_24_aarch64.whl", hash = "sha256:6773cce9d4b3b6168d8feb2b6f06b658ef1e11cbfec075041745666d8e2a5e45"},
    {file = "Cython-0.29.26-cp310-cp310-manylinux_2_17_x86_64.manylinux2014_x86_64.manylinux_2_24_x86_64.whl", hash = "sha256:c813799d533194b7d85203d881d8b4f567a8c644a67f50d47f1ffbf316df412f"},
    {file = "Cython-0.29.26-cp310-cp310-manylinux_2_5_i686.manylinux1_i686.manylinux_2_24_i686.whl", hash = "sha256:362fbb9cb4627c7786231429768b54aaba5459a2a0e46c25e59f202ca6155437"},
    {file = "Cython-0.29.26-cp310-cp310-musllinux_1_1_x86_64.whl", hash = "sha256:2b834ff6e4d10ba6d7a0d676dd71c1b427a181ddbbbbf79e91d1861557aab59f"},
    {file = "Cython-0.29.26-cp34-cp34m-win32.whl", hash = "sha256:0c3093bc99facfc97e5019f6c5bc39987663792265c1334d9fc9e37c3a3dcd6f"},
    {file = "Cython-0.29.26-cp34-cp34m-win_amd64.whl", hash = "sha256:bbf0149680c1fca07200a3ed372b22e6bad7851d191b717a61f9a68af370e180"},
    {file = "Cython-0.29.26-cp35-cp35m-manylinux_2_5_i686.manylinux1_i686.whl", hash = "sha256:a1cc55db32cd39474081d478263b96e036552cdbbab8831c90ea43fb385a9b66"},
    {file = "Cython-0.29.26-cp35-cp35m-manylinux_2_5_x86_64.manylinux1_x86_64.whl", hash = "sha256:ebe32e002a9e6553de399033e259ece72aa17c77f740b265e66f122572a8a278"},
    {file = "Cython-0.29.26-cp35-cp35m-win32.whl", hash = "sha256:6b385f68789c3e8a75b4827e8a4970ff04605ad3cb1c0b41005cc69368dad65d"},
    {file = "Cython-0.29.26-cp35-cp35m-win_amd64.whl", hash = "sha256:1519eb639de308f5763eb0666b4cc7bd3958268f3f6228cc610b7b4d6c94b68b"},
    {file = "Cython-0.29.26-cp36-cp36m-manylinux_2_17_aarch64.manylinux2014_aarch64.manylinux_2_24_aarch64.whl", hash = "sha256:e118525defec3f67471d8ee5ce04340d43195410a87e5d7ec8a1a9e953c0066a"},
    {file = "Cython-0.29.26-cp36-cp36m-manylinux_2_17_x86_64.manylinux2014_x86_64.manylinux_2_24_x86_64.whl", hash = "sha256:706ea55f58c2722206e51cd9a8754ed0995c4c4231d24b095875d2641d745222"},
    {file = "Cython-0.29.26-cp36-cp36m-manylinux_2_5_i686.manylinux1_i686.manylinux_2_24_i686.whl", hash = "sha256:77913fe27c5e22c995bac090d01e200ff91e5f58aa944e2d2e94cbf67ea2ae34"},
    {file = "Cython-0.29.26-cp36-cp36m-manylinux_2_5_i686.manylinux1_i686.whl", hash = "sha256:51923120f57a42c59f5ee6bba9e89a31a394ae8cd419c753f64d8a3aea1ee8b7"},
    {file = "Cython-0.29.26-cp36-cp36m-manylinux_2_5_x86_64.manylinux1_x86_64.whl", hash = "sha256:82881565d04027728d7762edd8c085927a840873af7ee049d703e0ca226bc08d"},
    {file = "Cython-0.29.26-cp36-cp36m-musllinux_1_1_x86_64.whl", hash = "sha256:531303085503959338e6cdac630626280ef111aecbb22d48321673a8c3897c0a"},
    {file = "Cython-0.29.26-cp36-cp36m-win32.whl", hash = "sha256:0205b685802eb4c039b14f67b7ac3f00c55ff04b9e3871df2249576d3e59ba42"},
    {file = "Cython-0.29.26-cp36-cp36m-win_amd64.whl", hash = "sha256:7df94e56872df8f396ca669466fee60256f69f678654239f706b1e643c2ac4a5"},
    {file = "Cython-0.29.26-cp37-cp37m-manylinux_2_17_aarch64.manylinux2014_aarch64.manylinux_2_24_aarch64.whl", hash = "sha256:4b7d04b393d9a4b5fec0cbc4b0f29fe083a9d862d95231a6e7608978bd661d7e"},
    {file = "Cython-0.29.26-cp37-cp37m-manylinux_2_17_x86_64.manylinux2014_x86_64.manylinux_2_24_x86_64.whl", hash = "sha256:af91dd63ac5f1f7fc70dc91ea063f727db42b5eb934d1f3832611be18e25171e"},
    {file = "Cython-0.29.26-cp37-cp37m-manylinux_2_5_i686.manylinux1_i686.manylinux_2_24_i686.whl", hash = "sha256:d83dad8dc6c63706cb3178dc79010b3865b1345090727189d2cd61758a825ee8"},
    {file = "Cython-0.29.26-cp37-cp37m-manylinux_2_5_i686.manylinux1_i686.whl", hash = "sha256:ca10e9fde0eaba1407ab353ff07a26daaa3e4dbe356108a149e482d441f070dd"},
    {file = "Cython-0.29.26-cp37-cp37m-manylinux_2_5_x86_64.manylinux1_x86_64.whl", hash = "sha256:fec66cd0a48697fab903854566235aecf1084f62e3163d6589ae7335a1b4d448"},
    {file = "Cython-0.29.26-cp37-cp37m-musllinux_1_1_x86_64.whl", hash = "sha256:b3041e45aefaa4449fd671902132c0ac1f72eedaedac745c0e1a70a13bf990bb"},
    {file = "Cython-0.29.26-cp37-cp37m-win32.whl", hash = "sha256:ed76fb98979f02b5e89079906071983a36f3634d3028b86f935cf0196f24fcaa"},
    {file = "Cython-0.29.26-cp37-cp37m-win_amd64.whl", hash = "sha256:4d868e1a41f5123f51a20c1b8e82f7cb6fa3370c104e98e707f7c910e8cadad1"},
    {file = "Cython-0.29.26-cp38-cp38-manylinux_2_17_aarch64.manylinux2014_aarch64.manylinux_2_24_aarch64.whl", hash = "sha256:868f309095e557f06dc58723ae865e8c65cfedb2646a562bd8080c92d69e4e4b"},
    {file = "Cython-0.29.26-cp38-cp38-manylinux_2_17_x86_64.manylinux2014_x86_64.manylinux_2_24_x86_64.whl", hash = "sha256:be550b566345bf53b95616334793ce42a128cf1d9dcde1e28cbf7ce52ea61d6d"},
    {file = "Cython-0.29.26-cp38-cp38-manylinux_2_5_i686.manylinux1_i686.manylinux_2_24_i686.whl", hash = "sha256:be13be1e2b9b7395588f2a23bfa692f2f3e6f7936ccf7825c83431b8c8c3452b"},
    {file = "Cython-0.29.26-cp38-cp38-manylinux_2_5_i686.manylinux1_i686.whl", hash = "sha256:41ee918480371ae5e5851ba9b1ead5a183e24aedb27bf807c7405d124e943f40"},
    {file = "Cython-0.29.26-cp38-cp38-manylinux_2_5_x86_64.manylinux1_x86_64.whl", hash = "sha256:c91b1ba0d43f7f7ccde8121c672207c7891735ddcc83496af1e0ab617ddc4aba"},
    {file = "Cython-0.29.26-cp38-cp38-musllinux_1_1_x86_64.whl", hash = "sha256:5ecf5cf5b57086cc6c1cfc76d6353bbd7023e95da32e0883f1302ca50e481c33"},
    {file = "Cython-0.29.26-cp39-cp39-manylinux_2_17_aarch64.manylinux2014_aarch64.manylinux_2_24_aarch64.whl", hash = "sha256:0ffce25bf50fa926ec6bf8d6f29650e7cb33fae445938c9880e1ce9b776353ef"},
    {file = "Cython-0.29.26-cp39-cp39-manylinux_2_17_x86_64.manylinux2014_x86_64.manylinux_2_24_x86_64.whl", hash = "sha256:5041adfef502d67ecd5e291a7cf645a37fed7a9dac557f40d491053f35204d00"},
    {file = "Cython-0.29.26-cp39-cp39-manylinux_2_5_i686.manylinux1_i686.manylinux_2_24_i686.whl", hash = "sha256:5fd5db458c9d3d2c2abd047f3190624d9cce8a80a8e0ca0baa69cfd133a523bc"},
    {file = "Cython-0.29.26-cp39-cp39-manylinux_2_5_i686.manylinux1_i686.whl", hash = "sha256:75eaa22911d2ec37a3841f77b710b178c805cd378b5e1c4fb82dbc35620d2062"},
    {file = "Cython-0.29.26-cp39-cp39-manylinux_2_5_x86_64.manylinux1_x86_64.whl", hash = "sha256:3aed8c642e8fb27024bca46830b7f62335a44a92354acf708d6b8d050f945a3a"},
    {file = "Cython-0.29.26-cp39-cp39-musllinux_1_1_x86_64.whl", hash = "sha256:b5ca05c2bfba0c2480b5fd390ecffe46b8da574d887d600388d6e3caf3f99a88"},
    {file = "Cython-0.29.26-py2.py3-none-any.whl", hash = "sha256:f5e15ff892c8afad64931ee3dd723c4755c2c516606f9aae7613bebfac62b0f6"},
    {file = "Cython-0.29.26.tar.gz", hash = "sha256:af377d543a762867da11fcf6e558f7a4a535ff8693f30cce123fab10c00fa312"},
]
dataclasses = [
    {file = "dataclasses-0.8-py3-none-any.whl", hash = "sha256:0201d89fa866f68c8ebd9d08ee6ff50c0b255f8ec63a71c16fda7af82bb887bf"},
    {file = "dataclasses-0.8.tar.gz", hash = "sha256:8479067f342acf957dc82ec415d355ab5edb7e7646b90dc6e2fd1d96ad084c97"},
]
panda3d = [
    {file = "panda3d-1.10.11-cp27-cp27m-macosx_10_6_i386.whl", hash = "sha256:716b48a3f798689623b480d47baed32ed6ccd8eb913f9d6d7b43d3c334acf122"},
    {file = "panda3d-1.10.11-cp27-cp27m-macosx_10_6_x86_64.whl", hash = "sha256:e25dd859c12091a9ab4d7393c0582681a1de432c04642f8a3a5445cd51d58943"},
    {file = "panda3d-1.10.11-cp27-cp27m-macosx_10_9_x86_64.whl", hash = "sha256:34b3a081fa16a78504ea7cba7e28644c293428479585e928c9446df40aaf380f"},
    {file = "panda3d-1.10.11-cp27-cp27m-win32.whl", hash = "sha256:594f37bdcdef60a45392b087bbf192d1acba6b63ede5c2097ac873fae2b5ac4a"},
    {file = "panda3d-1.10.11-cp27-cp27m-win_amd64.whl", hash = "sha256:4dfaaed960aba1e30734eb7890daabcde99d7946e7136458cd0764bf6e18ef52"},
    {file = "panda3d-1.10.11-cp27-cp27mu-manylinux1_i686.whl", hash = "sha256:e9266518d97c4bf2c8fb0e8d82afe6e3f73499229743f5a18b6ce9ee428668e7"},
    {file = "panda3d-1.10.11-cp27-cp27mu-manylinux1_x86_64.whl", hash = "sha256:d203b2878e33dd8a52d446d140785fe02e19b2f7a9e738d9690a44b18315d267"},
    {file = "panda3d-1.10.11-cp310-cp310-macosx_10_9_x86_64.whl", hash = "sha256:a919b31c163de4b219c5945b242a5cefb4b86a4a0b72d8d3dc381ce1e7279051"},
    {file = "panda3d-1.10.11-cp310-cp310-macosx_11_0_universal2.whl", hash = "sha256:ec01e532a0bfa5aba0c96178ae103cb114a63ce8fbd5ab982ce16e2c77d3f2b1"},
    {file = "panda3d-1.10.11-cp310-cp310-manylinux2010_i686.whl", hash = "sha256:2685c5d9cd9fbb1f00a179e3a2c2b656ff814b94a68abf2d75f473dc2782755e"},
    {file = "panda3d-1.10.11-cp310-cp310-manylinux2010_x86_64.whl", hash = "sha256:a8d366c884fbf4d5a609d7b26d08c20eec94afbd9cd45b922d0fa518661b7b14"},
    {file = "panda3d-1.10.11-cp310-cp310-win32.whl", hash = "sha256:506d93d108cff578be8f800cb3e6d18083b5b9cfd70a500fd758902ba1d46240"},
    {file = "panda3d-1.10.11-cp310-cp310-win_amd64.whl", hash = "sha256:f64cc1092f41bbfb92fb44723e85a850179a52dd029674e54cfcf8f9dc8013b7"},
    {file = "panda3d-1.10.11-cp34-cp34m-macosx_10_6_i386.whl", hash = "sha256:377f1b5757b3b24b79f5b606302c272129bb149d10390408ba321a49856f52d6"},
    {file = "panda3d-1.10.11-cp34-cp34m-macosx_10_6_x86_64.whl", hash = "sha256:1a304215153156e29dc2503537faecc2a6e804bce16282df08dd31436f679b46"},
    {file = "panda3d-1.10.11-cp34-cp34m-manylinux1_i686.whl", hash = "sha256:24c370071f26868d31844ec283d8a125fc61b9bf7e143595e252bab95f60281f"},
    {file = "panda3d-1.10.11-cp34-cp34m-manylinux1_x86_64.whl", hash = "sha256:b3c5f8a5436401cf35fe44be2809f50690e7eff1a530db3b6f3ae114fa1e1324"},
    {file = "panda3d-1.10.11-cp34-cp34m-win32.whl", hash = "sha256:dbd394701ea9fc6e972b1b40308a0d92424f389dea57816b6dd7c108d0c79846"},
    {file = "panda3d-1.10.11-cp34-cp34m-win_amd64.whl", hash = "sha256:94d37d80be2a2ccbc44c1975a9de995adf5267535f460b6bdfb708fa93c1b5ba"},
    {file = "panda3d-1.10.11-cp35-cp35m-macosx_10_6_i386.whl", hash = "sha256:3756d7423f05a8bf9c58043218f235bab9da1b5c5f53b63e6982d00dc6433cdb"},
    {file = "panda3d-1.10.11-cp35-cp35m-macosx_10_6_x86_64.whl", hash = "sha256:2ddadcc3a2bdb5ffa52567dea7b2904cbe4589256fa3c4e23044390c3192be6a"},
    {file = "panda3d-1.10.11-cp35-cp35m-macosx_10_9_x86_64.whl", hash = "sha256:a14bcaabb84887c48433f95febd9ca0f3c41599b66adea03856bb279c87115f7"},
    {file = "panda3d-1.10.11-cp35-cp35m-manylinux1_i686.whl", hash = "sha256:346ad33ceda641acf3ee8830054824003fa89a924a62e5a9b2a46dd6e0a6e4af"},
    {file = "panda3d-1.10.11-cp35-cp35m-manylinux1_x86_64.whl", hash = "sha256:ab4bbfda45013191bbfd4f84e578728dbbb1969c54e95ae135ba98d9dadbab24"},
    {file = "panda3d-1.10.11-cp35-cp35m-win32.whl", hash = "sha256:6d693baf0762e20a21085149dab354052e04c7654d37b733dfdc47a503dd8bfb"},
    {file = "panda3d-1.10.11-cp35-cp35m-win_amd64.whl", hash = "sha256:a9df0dc03f0a71c64a668d52e83e2d442a4b39edad9e66f6c105ba2ad9986e7b"},
    {file = "panda3d-1.10.11-cp36-cp36m-macosx_10_6_i386.whl", hash = "sha256:62074d14fcd66a1be752b8815a25b1e176182d482c1e49ff3a2ae8b89a32af51"},
    {file = "panda3d-1.10.11-cp36-cp36m-macosx_10_6_x86_64.whl", hash = "sha256:7448550a1fcb1e483a88adb52f4403e47e109902dfe30c041c46032a33a1da04"},
    {file = "panda3d-1.10.11-cp36-cp36m-macosx_10_9_x86_64.whl", hash = "sha256:9f1c58b09413f08c9d9e4ec8da59bd606e668235a553df7a046a350868ee8ebf"},
    {file = "panda3d-1.10.11-cp36-cp36m-manylinux1_i686.whl", hash = "sha256:83402fe575d6fdf6882f347cf69dac1483c254a426d1d7bcc7f7952617fd59b8"},
    {file = "panda3d-1.10.11-cp36-cp36m-manylinux1_x86_64.whl", hash = "sha256:3c7d751a47f58fb90ab48942f12ca425df2882b24236a90c32a6eec1c9a71c8d"},
    {file = "panda3d-1.10.11-cp36-cp36m-win32.whl", hash = "sha256:9c3205b131aa3c0df0192c8d3c94febbc888bc531b71acdb4a93a38a80ff2826"},
    {file = "panda3d-1.10.11-cp36-cp36m-win_amd64.whl", hash = "sha256:bcc19ab3471d7c75681f1b7eb7b932da0de8e06b6587acbdc10da665ad4c9e8f"},
    {file = "panda3d-1.10.11-cp37-cp37m-macosx_10_6_i386.whl", hash = "sha256:f5ff0d112a5892564327833c68db91fb7498b53365dd19b0b8a50c887d566fd9"},
    {file = "panda3d-1.10.11-cp37-cp37m-macosx_10_6_x86_64.whl", hash = "sha256:f32ebab469586181c2ff0b3ee2921cf9e5c2d5d34bb0320a88f04b95cd7fec30"},
    {file = "panda3d-1.10.11-cp37-cp37m-macosx_10_9_x86_64.whl", hash = "sha256:e3aa6339b71148e072ad9fbc3fc2e9d713727905268a00ecdf0a54cbffa0e855"},
    {file = "panda3d-1.10.11-cp37-cp37m-manylinux1_i686.whl", hash = "sha256:e6b14b89f65e9e7121199fef78e47a4f5c3bbc63f6819f28fbe1df833c9860ff"},
    {file = "panda3d-1.10.11-cp37-cp37m-manylinux1_x86_64.whl", hash = "sha256:6224a1e8aa4832d22352be775b2efc19d65e273b74e22f8162e39a86089c695e"},
    {file = "panda3d-1.10.11-cp37-cp37m-win32.whl", hash = "sha256:efe5422a7df6583dd777852628c2052d458d3869b7f81feaa131003613a60c88"},
    {file = "panda3d-1.10.11-cp37-cp37m-win_amd64.whl", hash = "sha256:553e9ae529e5982acd1b40e8153f298a0c099cdb1dd8155e8da3c33513640ba8"},
    {file = "panda3d-1.10.11-cp38-cp38-macosx_10_9_x86_64.whl", hash = "sha256:266971ce81a363ef8126760af8272d70d861e3f57b0713703fc7c3da76d169d7"},
    {file = "panda3d-1.10.11-cp38-cp38-macosx_11_0_universal2.whl", hash = "sha256:22576f6ad1495c501cd7860eb761b3b54e87a0e7a43f7cc83419271dbf61f3d2"},
    {file = "panda3d-1.10.11-cp38-cp38-manylinux1_i686.whl", hash = "sha256:893062cacc79fa8782356cd6407ed32fd9001dffce340b78a11dcc3e35a7ae12"},
    {file = "panda3d-1.10.11-cp38-cp38-manylinux1_x86_64.whl", hash = "sha256:bcc5a8aed0903ce52e227b0713d0169f8821ee0029912d0ad6eb76747b68812a"},
    {file = "panda3d-1.10.11-cp38-cp38-win32.whl", hash = "sha256:30d7d6d582d91956a5679e636725595ab909ef9dc97a65325213523f24000590"},
    {file = "panda3d-1.10.11-cp38-cp38-win_amd64.whl", hash = "sha256:367546010b99f470cad4e47e62845373f844cdca1f258c6398c5c190d6bb91b6"},
    {file = "panda3d-1.10.11-cp39-cp39-macosx_10_9_x86_64.whl", hash = "sha256:995317da0ca6b08147e8f3110e7f998f8acf854fe746cebf984ef5dfcc0038cd"},
    {file = "panda3d-1.10.11-cp39-cp39-macosx_11_0_universal2.whl", hash = "sha256:dc8773cb30c50a38b1eb63bc070b5c9899d8d542c4985a829a77a5fbdcb2c430"},
    {file = "panda3d-1.10.11-cp39-cp39-manylinux1_i686.whl", hash = "sha256:d174b659f83066ba3f3eaa4b5f506c06dea4023c3ae8ddbbba9cf0f11a07fffa"},
    {file = "panda3d-1.10.11-cp39-cp39-manylinux1_x86_64.whl", hash = "sha256:d0c7fce3aeb865e06db509e546ac2f4cc9660c484852a87a48bb04d206aa464e"},
    {file = "panda3d-1.10.11-cp39-cp39-win32.whl", hash = "sha256:eb9e5ef36b2d9fa0ce9068cfb4db2c4727815d7e2ced15a703ce656fa9183c19"},
    {file = "panda3d-1.10.11-cp39-cp39-win_amd64.whl", hash = "sha256:96da5d8d5024d240385ff565849a0074ec86ce0e8b80c8c1098e8b9c85253339"},
]
panda3d-gltf = [
    {file = "panda3d-gltf-0.13.tar.gz", hash = "sha256:d06d373bdd91cf530909b669f43080e599463bbf6d3ef00c3558bad6c6b19675"},
    {file = "panda3d_gltf-0.13-py3-none-any.whl", hash = "sha256:02d1a980f447bb1895ff4b48c667f289ba78f07a28ef308d8839b665a621efe2"},
]
panda3d-simplepbr = [
    {file = "panda3d_simplepbr-0.9-py3-none-any.whl", hash = "sha256:82e24c4a12c800648fcc5d92852eb12dbdf575786448aef3afb0c35b651998fb"},
]
pillow = [
    {file = "Pillow-8.4.0-cp310-cp310-macosx_10_10_universal2.whl", hash = "sha256:81f8d5c81e483a9442d72d182e1fb6dcb9723f289a57e8030811bac9ea3fef8d"},
    {file = "Pillow-8.4.0-cp310-cp310-macosx_11_0_arm64.whl", hash = "sha256:3f97cfb1e5a392d75dd8b9fd274d205404729923840ca94ca45a0af57e13dbe6"},
    {file = "Pillow-8.4.0-cp310-cp310-manylinux_2_17_aarch64.manylinux2014_aarch64.whl", hash = "sha256:eb9fc393f3c61f9054e1ed26e6fe912c7321af2f41ff49d3f83d05bacf22cc78"},
    {file = "Pillow-8.4.0-cp310-cp310-manylinux_2_17_i686.manylinux2014_i686.whl", hash = "sha256:d82cdb63100ef5eedb8391732375e6d05993b765f72cb34311fab92103314649"},
    {file = "Pillow-8.4.0-cp310-cp310-manylinux_2_17_x86_64.manylinux2014_x86_64.whl", hash = "sha256:62cc1afda735a8d109007164714e73771b499768b9bb5afcbbee9d0ff374b43f"},
    {file = "Pillow-8.4.0-cp310-cp310-win32.whl", hash = "sha256:e3dacecfbeec9a33e932f00c6cd7996e62f53ad46fbe677577394aaa90ee419a"},
    {file = "Pillow-8.4.0-cp310-cp310-win_amd64.whl", hash = "sha256:620582db2a85b2df5f8a82ddeb52116560d7e5e6b055095f04ad828d1b0baa39"},
    {file = "Pillow-8.4.0-cp36-cp36m-macosx_10_10_x86_64.whl", hash = "sha256:1bc723b434fbc4ab50bb68e11e93ce5fb69866ad621e3c2c9bdb0cd70e345f55"},
    {file = "Pillow-8.4.0-cp36-cp36m-manylinux_2_17_aarch64.manylinux2014_aarch64.whl", hash = "sha256:72cbcfd54df6caf85cc35264c77ede902452d6df41166010262374155947460c"},
    {file = "Pillow-8.4.0-cp36-cp36m-manylinux_2_17_i686.manylinux2014_i686.whl", hash = "sha256:70ad9e5c6cb9b8487280a02c0ad8a51581dcbbe8484ce058477692a27c151c0a"},
    {file = "Pillow-8.4.0-cp36-cp36m-manylinux_2_17_x86_64.manylinux2014_x86_64.whl", hash = "sha256:25a49dc2e2f74e65efaa32b153527fc5ac98508d502fa46e74fa4fd678ed6645"},
    {file = "Pillow-8.4.0-cp36-cp36m-win32.whl", hash = "sha256:93ce9e955cc95959df98505e4608ad98281fff037350d8c2671c9aa86bcf10a9"},
    {file = "Pillow-8.4.0-cp36-cp36m-win_amd64.whl", hash = "sha256:2e4440b8f00f504ee4b53fe30f4e381aae30b0568193be305256b1462216feff"},
    {file = "Pillow-8.4.0-cp37-cp37m-macosx_10_10_x86_64.whl", hash = "sha256:8c803ac3c28bbc53763e6825746f05cc407b20e4a69d0122e526a582e3b5e153"},
    {file = "Pillow-8.4.0-cp37-cp37m-manylinux_2_17_aarch64.manylinux2014_aarch64.whl", hash = "sha256:c8a17b5d948f4ceeceb66384727dde11b240736fddeda54ca740b9b8b1556b29"},
    {file = "Pillow-8.4.0-cp37-cp37m-manylinux_2_17_i686.manylinux2014_i686.whl", hash = "sha256:1394a6ad5abc838c5cd8a92c5a07535648cdf6d09e8e2d6df916dfa9ea86ead8"},
    {file = "Pillow-8.4.0-cp37-cp37m-manylinux_2_17_x86_64.manylinux2014_x86_64.whl", hash = "sha256:792e5c12376594bfcb986ebf3855aa4b7c225754e9a9521298e460e92fb4a488"},
    {file = "Pillow-8.4.0-cp37-cp37m-win32.whl", hash = "sha256:d99ec152570e4196772e7a8e4ba5320d2d27bf22fdf11743dd882936ed64305b"},
    {file = "Pillow-8.4.0-cp37-cp37m-win_amd64.whl", hash = "sha256:7b7017b61bbcdd7f6363aeceb881e23c46583739cb69a3ab39cb384f6ec82e5b"},
    {file = "Pillow-8.4.0-cp38-cp38-macosx_10_10_x86_64.whl", hash = "sha256:d89363f02658e253dbd171f7c3716a5d340a24ee82d38aab9183f7fdf0cdca49"},
    {file = "Pillow-8.4.0-cp38-cp38-macosx_11_0_arm64.whl", hash = "sha256:0a0956fdc5defc34462bb1c765ee88d933239f9a94bc37d132004775241a7585"},
    {file = "Pillow-8.4.0-cp38-cp38-manylinux_2_17_aarch64.manylinux2014_aarch64.whl", hash = "sha256:5b7bb9de00197fb4261825c15551adf7605cf14a80badf1761d61e59da347779"},
    {file = "Pillow-8.4.0-cp38-cp38-manylinux_2_17_i686.manylinux2014_i686.whl", hash = "sha256:72b9e656e340447f827885b8d7a15fc8c4e68d410dc2297ef6787eec0f0ea409"},
    {file = "Pillow-8.4.0-cp38-cp38-manylinux_2_17_x86_64.manylinux2014_x86_64.whl", hash = "sha256:a5a4532a12314149d8b4e4ad8ff09dde7427731fcfa5917ff16d0291f13609df"},
    {file = "Pillow-8.4.0-cp38-cp38-win32.whl", hash = "sha256:82aafa8d5eb68c8463b6e9baeb4f19043bb31fefc03eb7b216b51e6a9981ae09"},
    {file = "Pillow-8.4.0-cp38-cp38-win_amd64.whl", hash = "sha256:066f3999cb3b070a95c3652712cffa1a748cd02d60ad7b4e485c3748a04d9d76"},
    {file = "Pillow-8.4.0-cp39-cp39-macosx_10_10_x86_64.whl", hash = "sha256:5503c86916d27c2e101b7f71c2ae2cddba01a2cf55b8395b0255fd33fa4d1f1a"},
    {file = "Pillow-8.4.0-cp39-cp39-macosx_11_0_arm64.whl", hash = "sha256:4acc0985ddf39d1bc969a9220b51d94ed51695d455c228d8ac29fcdb25810e6e"},
    {file = "Pillow-8.4.0-cp39-cp39-manylinux_2_17_aarch64.manylinux2014_aarch64.whl", hash = "sha256:0b052a619a8bfcf26bd8b3f48f45283f9e977890263e4571f2393ed8898d331b"},
    {file = "Pillow-8.4.0-cp39-cp39-manylinux_2_17_i686.manylinux2014_i686.whl", hash = "sha256:493cb4e415f44cd601fcec11c99836f707bb714ab03f5ed46ac25713baf0ff20"},
    {file = "Pillow-8.4.0-cp39-cp39-manylinux_2_17_x86_64.manylinux2014_x86_64.whl", hash = "sha256:b8831cb7332eda5dc89b21a7bce7ef6ad305548820595033a4b03cf3091235ed"},
    {file = "Pillow-8.4.0-cp39-cp39-win32.whl", hash = "sha256:5e9ac5f66616b87d4da618a20ab0a38324dbe88d8a39b55be8964eb520021e02"},
    {file = "Pillow-8.4.0-cp39-cp39-win_amd64.whl", hash = "sha256:3eb1ce5f65908556c2d8685a8f0a6e989d887ec4057326f6c22b24e8a172c66b"},
    {file = "Pillow-8.4.0-pp36-pypy36_pp73-macosx_10_10_x86_64.whl", hash = "sha256:ddc4d832a0f0b4c52fff973a0d44b6c99839a9d016fe4e6a1cb8f3eea96479c2"},
    {file = "Pillow-8.4.0-pp36-pypy36_pp73-manylinux_2_17_i686.manylinux2014_i686.whl", hash = "sha256:9a3e5ddc44c14042f0844b8cf7d2cd455f6cc80fd7f5eefbe657292cf601d9ad"},
    {file = "Pillow-8.4.0-pp36-pypy36_pp73-manylinux_2_17_x86_64.manylinux2014_x86_64.whl", hash = "sha256:c70e94281588ef053ae8998039610dbd71bc509e4acbc77ab59d7d2937b10698"},
    {file = "Pillow-8.4.0-pp37-pypy37_pp73-macosx_10_10_x86_64.whl", hash = "sha256:3862b7256046fcd950618ed22d1d60b842e3a40a48236a5498746f21189afbbc"},
    {file = "Pillow-8.4.0-pp37-pypy37_pp73-manylinux_2_17_i686.manylinux2014_i686.whl", hash = "sha256:a4901622493f88b1a29bd30ec1a2f683782e57c3c16a2dbc7f2595ba01f639df"},
    {file = "Pillow-8.4.0-pp37-pypy37_pp73-manylinux_2_17_x86_64.manylinux2014_x86_64.whl", hash = "sha256:84c471a734240653a0ec91dec0996696eea227eafe72a33bd06c92697728046b"},
    {file = "Pillow-8.4.0-pp37-pypy37_pp73-win_amd64.whl", hash = "sha256:244cf3b97802c34c41905d22810846802a3329ddcb93ccc432870243211c79fc"},
    {file = "Pillow-8.4.0.tar.gz", hash = "sha256:b8e2f83c56e141920c39464b852de3719dfbfb6e3c99a2d8da0edf4fb33176ed"},
]
pyobjc-core = [
    {file = "pyobjc-core-8.1.tar.gz", hash = "sha256:920914a1a4cd4f8a54babe93f0b4e4cd93b51d11ae38d8ef17f5edb603b7a949"},
    {file = "pyobjc_core-8.1-cp310-cp310-macosx_10_9_universal2.whl", hash = "sha256:ddd9b964df292fa0bbd0d0694befe4c524977780e3f11221ac7e8683d5e9590f"},
    {file = "pyobjc_core-8.1-cp37-cp37m-macosx_10_9_x86_64.whl", hash = "sha256:b6662805d288cd1bfd257565ddc07541d0162b3167af15e39f7a654b94f6667b"},
    {file = "pyobjc_core-8.1-cp38-cp38-macosx_10_9_x86_64.whl", hash = "sha256:43f251881fe36dcb9ca9f7946ab13ddb4aa2499bde3c8bf2dc8144b5fe884629"},
    {file = "pyobjc_core-8.1-cp38-cp38-macosx_11_0_universal2.whl", hash = "sha256:781cfa7a3f72ce7213b4c341b5c552cd63b6664b3b444a23fcb1d5fdd417aa8b"},
    {file = "pyobjc_core-8.1-cp39-cp39-macosx_10_9_universal2.whl", hash = "sha256:951e716ad30bea52190f5e82604ee2c7f3dc6c04722cf0a3311ad7e4e6af5134"},
]
pyobjc-framework-cocoa = [
    {file = "pyobjc-framework-Cocoa-8.1.tar.gz", hash = "sha256:9de42dc3e0911d6e30cf41bb4baf9aaf2723a27053f7edbd8ad7d758cf41b81d"},
    {file = "pyobjc_framework_Cocoa-8.1-cp310-cp310-macosx_10_9_universal2.whl", hash = "sha256:b588a3ed9adcdbfafcbfa77bbd72844afb8d987a70cce7a4f3a35a9474271a11"},
    {file = "pyobjc_framework_Cocoa-8.1-cp37-cp37m-macosx_10_9_x86_64.whl", hash = "sha256:626f6d084a537b365c0786674036643695e7829ebaf7889aa9b327f3b897a800"},
    {file = "pyobjc_framework_Cocoa-8.1-cp38-cp38-macosx_10_9_x86_64.whl", hash = "sha256:8075f6cf8cac804d9ed05355c68a8a0cd3ce31a310469279c6c7e49dad47b010"},
    {file = "pyobjc_framework_Cocoa-8.1-cp38-cp38-macosx_11_0_universal2.whl", hash = "sha256:9e47a2709b8458422752efccaa89f4b52cc8e01345ec71c43c713a891f084bb6"},
    {file = "pyobjc_framework_Cocoa-8.1-cp39-cp39-macosx_10_9_universal2.whl", hash = "sha256:0b0aee74f6c32103338e3735f308052f4cc534c25762130303638aaa6d62d851"},
]
pyperclip = [
    {file = "pyperclip-1.8.2.tar.gz", hash = "sha256:105254a8b04934f0bc84e9c24eb360a591aaf6535c9def5f29d92af107a9bf57"},
]
screeninfo = [
    {file = "screeninfo-0.7.tar.gz", hash = "sha256:12a97c3527e3544ac5dbd7c1204283e2653d655cbd15844c990a83b1b13ef500"},
]
ursina = [
    {file = "ursina-4.1.1-py3-none-any.whl", hash = "sha256:9e9c6c51b94e558128cdadc5e08228dc4066a9c50fa9a4a0b1279e9b4291d6d4"},
    {file = "ursina-4.1.1.tar.gz", hash = "sha256:2191c5da954de500e076c7d97ec270ed54f4bd6ca20be2e7575a147caf83672c"},
]
